packages:
  apb:
    revision: 77ddf073f194d44b9119949d2421be59789e69ae
    version: 0.2.4
    source:
      Git: https://github.com/pulp-platform/apb.git
    dependencies:
    - common_cells
  axi:
    revision: 49580dc3abce7ddfad70e4d8e719fe81a7a0667c
    version: null
    source:
      Git: https://github.com/persimmonsai/axi.git
    dependencies:
    - common_cells
    - common_verification
    - tech_cells_generic
  axi_riscv_atomics:
    revision: 0ac3a78fe342c5a5b9b10bff49d58897f773059e
    version: 0.8.2
    source:
      Git: https://github.com/pulp-platform/axi_riscv_atomics.git
    dependencies:
    - axi
    - common_cells
    - common_verification
  common_cells:
    revision: 33570c58014b4a9db098a2d37727000d6b3a6701
    version: null
    source:
      Git: https://github.com/persimmonsai/common_cells.git
    dependencies:
    - common_verification
    - tech_cells_generic
  common_verification:
    revision: 9c07fa860593b2caabd9b5681740c25fac04b878
    version: 0.2.3
    source:
      Git: https://github.com/persimmonsai/common_verification.git
    dependencies: []
  fpnew:
    revision: 1202ca3a767b563bca5de505574373e53941506f
    version: null
    source:
      Git: https://github.com/openhwgroup/cvfpu.git
    dependencies:
    - common_cells
    - fpu_div_sqrt_mvp
  fpu_div_sqrt_mvp:
    revision: 86e1f558b3c95e91577c41b2fc452c86b04e85ac
    version: 1.0.4
    source:
      Git: https://github.com/pulp-platform/fpu_div_sqrt_mvp.git
    dependencies:
    - common_cells
  future:
    revision: null
    version: null
    source:
      Path: ../PULP/snitch/hw/system/snitch_cluster/../../ip/snitch_cluster/../../ip/future
    dependencies:
    - axi
    - common_cells
  idma:
    revision: 7f02e225c8c4e9e60ad53e223e726574f36d9205
    version: null
    source:
      Git: https://github.com/RomanPustobaiev/iDMA.git
    dependencies:
    - axi
    - common_cells
    - common_verification
    - register_interface
  mem_interface:
    revision: null
    version: null
    source:
      Path: ../PULP/snitch/hw/system/snitch_cluster/../../ip/snitch_cluster/../../ip/mem_interface
    dependencies:
    - common_cells
    - reqrsp_interface
  register_interface:
    revision: 146501d80052b61475cdc333d3aab4cd769fd5dc
    version: 0.3.9
    source:
      Git: https://github.com/persimmonsai/register_interface.git
    dependencies:
    - apb
    - axi
    - common_cells
  reqrsp_interface:
    revision: null
    version: null
    source:
      Path: ../PULP/snitch/hw/system/snitch_cluster/../../ip/snitch_cluster/../../ip/reqrsp_interface
    dependencies:
    - axi
    - common_cells
  riscv-dbg:
    revision: ec0d92fa5fdaaf611e5b8a4cc8ee84017ff98710
    version: null
    source:
      Git: https://github.com/persimmonsai/riscv-dbg.git
    dependencies:
    - common_cells
    - tech_cells_generic
  snitch:
    revision: null
    version: null
    source:
      Path: ../PULP/snitch/hw/system/snitch_cluster/../../ip/snitch_cluster/../../ip/snitch
    dependencies:
    - axi
    - common_cells
    - fpnew
    - reqrsp_interface
    - riscv-dbg
  snitch_cluster:
    revision: null
    version: null
    source:
      Path: ../PULP/snitch/hw/system/snitch_cluster/../../ip/snitch_cluster
    dependencies:
    - axi
    - common_cells
    - fpnew
    - future
    - mem_interface
    - register_interface
    - reqrsp_interface
    - riscv-dbg
    - snitch
    - snitch_dma
    - snitch_icache
    - snitch_ipu
    - snitch_ssr
    - snitch_vm
    - tcdm_interface
    - tech_cells_generic
  snitch_dma:
    revision: null
    version: null
    source:
      Path: ../PULP/snitch/hw/system/snitch_cluster/../../ip/snitch_cluster/../../ip/snitch_dma
    dependencies:
    - axi
    - common_cells
    - snitch
  snitch_icache:
    revision: null
    version: null
    source:
      Path: ../PULP/snitch/hw/system/snitch_cluster/../../ip/snitch_cluster/../../ip/snitch_icache
    dependencies:
    - common_cells
    - snitch
    - tech_cells_generic
  snitch_ipu:
    revision: null
    version: null
    source:
      Path: ../PULP/snitch/hw/system/snitch_cluster/../../ip/snitch_cluster/../../ip/snitch_ipu
    dependencies:
    - common_cells
    - snitch
  snitch_ssr:
    revision: null
    version: null
    source:
      Path: ../PULP/snitch/hw/system/snitch_cluster/../../ip/snitch_cluster/../../ip/snitch_ssr
    dependencies:
    - common_cells
    - register_interface
    - tcdm_interface
  snitch_vm:
    revision: null
    version: null
    source:
      Path: ../PULP/snitch/hw/system/snitch_cluster/../../ip/snitch_cluster/../../ip/snitch_vm
    dependencies:
    - common_cells
    - snitch
  system-snitch-cluster:
    revision: null
    version: null
    source:
      Path: ../PULP/snitch/hw/system/snitch_cluster
    dependencies:
    - axi
    - snitch_cluster
    - test
  tcdm_interface:
    revision: null
    version: null
    source:
      Path: ../PULP/snitch/hw/system/snitch_cluster/../../ip/snitch_cluster/../../ip/tcdm_interface
    dependencies:
    - common_cells
    - reqrsp_interface
  tech_cells_generic:
    revision: a9cae21902e75b1434328ecf36f85327ba5717de
    version: 0.2.11
    source:
      Git: https://github.com/persimmonsai/tech_cells_generic.git
    dependencies:
    - common_verification
  test:
    revision: null
    version: null
    source:
      Path: ../PULP/snitch/hw/system/snitch_cluster/../../ip/test
    dependencies:
    - axi
    - axi_riscv_atomics
    - common_cells
    - register_interface
    - reqrsp_interface
